
Microsoft Visual Studio Solution File, Format Version 12.00
# Visual Studio Version 17
VisualStudioVersion = 17.1.32328.378
MinimumVisualStudioVersion = 10.0.40219.1
Project("{FAE04EC0-301F-11D3-BF4B-00C04F79EFBC}") = "addressbook_tests_white", "addressbook_tests_white\addressbook_tests_white.csproj", "{DA648B6D-8058-4DD4-92F4-ED6E8708F360}"
EndProject
Global
	GlobalSection(SolutionConfigurationPlatforms) = preSolution
		Debug|Any CPU = Debug|Any CPU
		Release|Any CPU = Release|Any CPU
	EndGlobalSection
	GlobalSection(ProjectConfigurationPlatforms) = postSolution
		{DA648B6D-8058-4DD4-92F4-ED6E8708F360}.Debug|Any CPU.ActiveCfg = Debug|Any CPU
		{DA648B6D-8058-4DD4-92F4-ED6E8708F360}.Debug|Any CPU.Build.0 = Debug|Any CPU
		{DA648B6D-8058-4DD4-92F4-ED6E8708F360}.Release|Any CPU.ActiveCfg = Release|Any CPU
		{DA648B6D-8058-4DD4-92F4-ED6E8708F360}.Release|Any CPU.Build.0 = Release|Any CPU
	EndGlobalSection
	GlobalSection(SolutionProperties) = preSolution
		HideSolutionNode = FALSE
	EndGlobalSection
	GlobalSection(ExtensibilityGlobals) = postSolution
		SolutionGuid = {B65D6B4C-4BBE-419B-9818-2F0AA32D96D9}
	EndGlobalSection
EndGlobal
